
Microsoft Visual Studio Solution File, Format Version 12.00
# Visual Studio 2012
Project("{FAE04EC0-301F-11D3-BF4B-00C04F79EFBC}") = "EStable", "EStable\EStable.csproj", "{BE1974EA-77CE-43E8-9A7C-9EDB70FBE883}"
EndProject
Project("{FAE04EC0-301F-11D3-BF4B-00C04F79EFBC}") = "EStable.Tests", "EStable.Tests\EStable.Tests.csproj", "{8D150CA8-6380-46D7-AF55-ABC20D6104B6}"
EndProject
Global
	GlobalSection(SolutionConfigurationPlatforms) = preSolution
		Debug|Any CPU = Debug|Any CPU
		Release|Any CPU = Release|Any CPU
	EndGlobalSection
	GlobalSection(ProjectConfigurationPlatforms) = postSolution
		{BE1974EA-77CE-43E8-9A7C-9EDB70FBE883}.Debug|Any CPU.ActiveCfg = Debug|Any CPU
		{BE1974EA-77CE-43E8-9A7C-9EDB70FBE883}.Debug|Any CPU.Build.0 = Debug|Any CPU
		{BE1974EA-77CE-43E8-9A7C-9EDB70FBE883}.Release|Any CPU.ActiveCfg = Release|Any CPU
		{BE1974EA-77CE-43E8-9A7C-9EDB70FBE883}.Release|Any CPU.Build.0 = Release|Any CPU
		{8D150CA8-6380-46D7-AF55-ABC20D6104B6}.Debug|Any CPU.ActiveCfg = Debug|Any CPU
		{8D150CA8-6380-46D7-AF55-ABC20D6104B6}.Debug|Any CPU.Build.0 = Debug|Any CPU
		{8D150CA8-6380-46D7-AF55-ABC20D6104B6}.Release|Any CPU.ActiveCfg = Release|Any CPU
		{8D150CA8-6380-46D7-AF55-ABC20D6104B6}.Release|Any CPU.Build.0 = Release|Any CPU
	EndGlobalSection
	GlobalSection(SolutionProperties) = preSolution
		HideSolutionNode = FALSE
	EndGlobalSection
EndGlobal
